
Microsoft Visual Studio Solution File, Format Version 12.00
# Visual Studio Version 17
VisualStudioVersion = 17.7.34031.279
MinimumVisualStudioVersion = 10.0.40219.1
Project("{9A19103F-16F7-4668-BE54-9A1E7A4F7556}") = "SecurityAnalyzer", "SecurityAnalyzer\SecurityAnalyzer.csproj", "{8CDDA764-7EF2-46DF-9713-91C8CF54EF53}"
EndProject
Project("{FAE04EC0-301F-11D3-BF4B-00C04F79EFBC}") = "SecurityAnalyzerGraph", "SecurityAnalyzerGraph\SecurityAnalyzerGraph.csproj", "{22E56045-6678-465E-853B-0275775444CC}"
EndProject
Global
	GlobalSection(SolutionConfigurationPlatforms) = preSolution
		Debug|Any CPU = Debug|Any CPU
		Release|Any CPU = Release|Any CPU
	EndGlobalSection
	GlobalSection(ProjectConfigurationPlatforms) = postSolution
		{8CDDA764-7EF2-46DF-9713-91C8CF54EF53}.Debug|Any CPU.ActiveCfg = Debug|Any CPU
		{8CDDA764-7EF2-46DF-9713-91C8CF54EF53}.Debug|Any CPU.Build.0 = Debug|Any CPU
		{8CDDA764-7EF2-46DF-9713-91C8CF54EF53}.Release|Any CPU.ActiveCfg = Release|Any CPU
		{8CDDA764-7EF2-46DF-9713-91C8CF54EF53}.Release|Any CPU.Build.0 = Release|Any CPU
		{22E56045-6678-465E-853B-0275775444CC}.Debug|Any CPU.ActiveCfg = Debug|Any CPU
		{22E56045-6678-465E-853B-0275775444CC}.Debug|Any CPU.Build.0 = Debug|Any CPU
		{22E56045-6678-465E-853B-0275775444CC}.Release|Any CPU.ActiveCfg = Release|Any CPU
		{22E56045-6678-465E-853B-0275775444CC}.Release|Any CPU.Build.0 = Release|Any CPU
	EndGlobalSection
	GlobalSection(SolutionProperties) = preSolution
		HideSolutionNode = FALSE
	EndGlobalSection
	GlobalSection(ExtensibilityGlobals) = postSolution
		SolutionGuid = {1AA36A81-504D-404F-913F-25EF9A95230B}
	EndGlobalSection
EndGlobal
